
Microsoft Visual Studio Solution File, Format Version 12.00
# Visual Studio 15
VisualStudioVersion = 15.0.28307.572
MinimumVisualStudioVersion = 10.0.40219.1
Project("{FAE04EC0-301F-11D3-BF4B-00C04F79EFBC}") = "LocalGit", "LocalGit\LocalGit.csproj", "{02CEEE7D-9834-4466-9603-7AA1B09BFD9F}"
EndProject
Global
	GlobalSection(SolutionConfigurationPlatforms) = preSolution
		Debug|Any CPU = Debug|Any CPU
		Release|Any CPU = Release|Any CPU
	EndGlobalSection
	GlobalSection(ProjectConfigurationPlatforms) = postSolution
		{02CEEE7D-9834-4466-9603-7AA1B09BFD9F}.Debug|Any CPU.ActiveCfg = Debug|Any CPU
		{02CEEE7D-9834-4466-9603-7AA1B09BFD9F}.Debug|Any CPU.Build.0 = Debug|Any CPU
		{02CEEE7D-9834-4466-9603-7AA1B09BFD9F}.Release|Any CPU.ActiveCfg = Release|Any CPU
		{02CEEE7D-9834-4466-9603-7AA1B09BFD9F}.Release|Any CPU.Build.0 = Release|Any CPU
	EndGlobalSection
	GlobalSection(SolutionProperties) = preSolution
		HideSolutionNode = FALSE
	EndGlobalSection
	GlobalSection(ExtensibilityGlobals) = postSolution
		SolutionGuid = {4A6C83BD-54A8-4EB3-BE08-BF28A48F4993}
	EndGlobalSection
EndGlobal
